
Microsoft Visual Studio Solution File, Format Version 12.00
# Visual Studio 15
VisualStudioVersion = 15.0.26730.10
MinimumVisualStudioVersion = 10.0.40219.1
Project("{FAE04EC0-301F-11D3-BF4B-00C04F79EFBC}") = "CGrimmettPortfolio", "CGrimmettPortfolio\CGrimmettPortfolio.csproj", "{45B8406E-89D3-402A-852D-E204406BB649}"
EndProject
Global
	GlobalSection(SolutionConfigurationPlatforms) = preSolution
		Debug|Any CPU = Debug|Any CPU
		Release|Any CPU = Release|Any CPU
	EndGlobalSection
	GlobalSection(ProjectConfigurationPlatforms) = postSolution
		{45B8406E-89D3-402A-852D-E204406BB649}.Debug|Any CPU.ActiveCfg = Debug|Any CPU
		{45B8406E-89D3-402A-852D-E204406BB649}.Debug|Any CPU.Build.0 = Debug|Any CPU
		{45B8406E-89D3-402A-852D-E204406BB649}.Release|Any CPU.ActiveCfg = Release|Any CPU
		{45B8406E-89D3-402A-852D-E204406BB649}.Release|Any CPU.Build.0 = Release|Any CPU
	EndGlobalSection
	GlobalSection(SolutionProperties) = preSolution
		HideSolutionNode = FALSE
	EndGlobalSection
	GlobalSection(ExtensibilityGlobals) = postSolution
		SolutionGuid = {E7E7F265-37F9-4384-A2EE-8C0328CD45EF}
	EndGlobalSection
EndGlobal
